
Microsoft Visual Studio Solution File, Format Version 12.00
# Visual Studio 15
VisualStudioVersion = 15.0.26403.0
MinimumVisualStudioVersion = 10.0.40219.1
Project("{FAE04EC0-301F-11D3-BF4B-00C04F79EFBC}") = "HuffmanCodeTest", "HuffmanCodeTest\HuffmanCodeTest.csproj", "{4CCA44B4-A882-4DA2-B639-564429DF0C75}"
EndProject
Global
	GlobalSection(SolutionConfigurationPlatforms) = preSolution
		Debug|Any CPU = Debug|Any CPU
		Release|Any CPU = Release|Any CPU
	EndGlobalSection
	GlobalSection(ProjectConfigurationPlatforms) = postSolution
		{4CCA44B4-A882-4DA2-B639-564429DF0C75}.Debug|Any CPU.ActiveCfg = Debug|Any CPU
		{4CCA44B4-A882-4DA2-B639-564429DF0C75}.Debug|Any CPU.Build.0 = Debug|Any CPU
		{4CCA44B4-A882-4DA2-B639-564429DF0C75}.Release|Any CPU.ActiveCfg = Release|Any CPU
		{4CCA44B4-A882-4DA2-B639-564429DF0C75}.Release|Any CPU.Build.0 = Release|Any CPU
	EndGlobalSection
	GlobalSection(SolutionProperties) = preSolution
		HideSolutionNode = FALSE
	EndGlobalSection
EndGlobal
